<?xml version="1.0" encoding="utf-8"?>
<Project ToolsVersion="4.0" xmlns="http://schemas.microsoft.com/developer/msbuild/2003">
  <ItemGroup>
    <Filter Include="소스 파일">
      <UniqueIdentifier>{4FC737F1-C7A5-4376-A066-2A32D752A2FF}</UniqueIdentifier>
      <Extensions>cpp;c;cc;cxx;c++;cppm;ixx;def;odl;idl;hpj;bat;asm;asmx</Extensions>
    </Filter>
    <Filter Include="리소스 파일">
      <UniqueIdentifier>{67DA6AB6-F800-4c08-8B7A-83BB121AAD01}</UniqueIdentifier>
      <Extensions>rc;ico;cur;bmp;dlg;rc2;rct;bin;rgs;gif;jpg;jpeg;jpe;resx;tiff;tif;png;wav;mfcribbon-ms</Extensions>
    </Filter>
    <Filter Include="소스 파일\Default">
      <UniqueIdentifier>{26c6da72-8d7e-4ab1-bc34-3c89de50aa58}</UniqueIdentifier>
    </Filter>
    <Filter Include="소스 파일\Game">
      <UniqueIdentifier>{e72b0e05-00e3-4af1-9c3f-f30cf1785e2b}</UniqueIdentifier>
    </Filter>
    <Filter Include="소스 파일\Main">
      <UniqueIdentifier>{4fadb5d4-7c0d-41b6-9fdf-c3edbba8a59d}</UniqueIdentifier>
    </Filter>
    <Filter Include="소스 파일\Game\Object">
      <UniqueIdentifier>{1dfd73e5-91ec-492c-bbf0-d732680bf631}</UniqueIdentifier>
    </Filter>
    <Filter Include="소스 파일\Game\Stage">
      <UniqueIdentifier>{2506515e-ae49-4527-8783-187efa7c0088}</UniqueIdentifier>
    </Filter>
    <Filter Include="소스 파일\Game\Collision">
      <UniqueIdentifier>{d8221c34-9f59-42d4-b0b5-0a12671743aa}</UniqueIdentifier>
    </Filter>
    <Filter Include="소스 파일\Game\Object\Item">
      <UniqueIdentifier>{fd7e806f-670e-4eac-b469-c748ee1e63df}</UniqueIdentifier>
    </Filter>
    <Filter Include="소스 파일\Game\Object\Item\Tool">
      <UniqueIdentifier>{fb3df57f-01f9-403c-b30f-46f95cff84a2}</UniqueIdentifier>
    </Filter>
    <Filter Include="소스 파일\Game\Object\Creature">
      <UniqueIdentifier>{03a42613-ed6b-4e90-bcd4-cca1438dcfd8}</UniqueIdentifier>
    </Filter>
    <Filter Include="소스 파일\Game\Object\Creature\Monster">
      <UniqueIdentifier>{97748d81-aad6-406f-95c2-d304c71dc975}</UniqueIdentifier>
    </Filter>
    <Filter Include="소스 파일\Game\Object\Creature\Monster\FSM">
      <UniqueIdentifier>{60074fae-25c7-487a-92d6-550d1df636e5}</UniqueIdentifier>
    </Filter>
    <Filter Include="소스 파일\Game\Object\Obstacle">
      <UniqueIdentifier>{a646c381-97e0-4b3f-987e-f4987f0e3b5d}</UniqueIdentifier>
    </Filter>
    <Filter Include="소스 파일\Main\Network">
      <UniqueIdentifier>{fe7b1ad8-9111-4f64-b764-dd12388ad436}</UniqueIdentifier>
    </Filter>
    <Filter Include="소스 파일\Game\Object\Structure">
      <UniqueIdentifier>{458cf1f7-2a37-4074-b141-8dd9fce22c02}</UniqueIdentifier>
    </Filter>
    <Filter Include="소스 파일\Game\Quest">
      <UniqueIdentifier>{ae27082d-c5d5-4026-9e80-11afe1755231}</UniqueIdentifier>
    </Filter>
  </ItemGroup>
  <ItemGroup>
    <ClCompile Include="main.cpp">
      <Filter>소스 파일\Main</Filter>
    </ClCompile>
    <ClCompile Include="ServerFramework.cpp">
      <Filter>소스 파일\Main</Filter>
    </ClCompile>
    <ClCompile Include="Room.cpp">
      <Filter>소스 파일\Game</Filter>
    </ClCompile>
    <ClCompile Include="pch.cpp">
      <Filter>소스 파일\Main</Filter>
    </ClCompile>
    <ClCompile Include="GameObject.cpp">
      <Filter>소스 파일\Game\Object</Filter>
    </ClCompile>
    <ClCompile Include="Global.cpp">
      <Filter>소스 파일\Main</Filter>
    </ClCompile>
    <ClCompile Include="Cube.cpp">
      <Filter>소스 파일\Game\Stage</Filter>
    </ClCompile>
    <ClCompile Include="DataManager.cpp">
      <Filter>소스 파일\Main</Filter>
    </ClCompile>
    <ClCompile Include="BoundingBox.cpp">
      <Filter>소스 파일\Game\Collision</Filter>
    </ClCompile>
    <ClCompile Include="Item.cpp">
      <Filter>소스 파일\Game\Object\Item</Filter>
    </ClCompile>
    <ClCompile Include="Inventory.cpp">
      <Filter>소스 파일\Game\Object\Item</Filter>
    </ClCompile>
    <ClCompile Include="Monster.cpp">
      <Filter>소스 파일\Game\Object\Creature\Monster</Filter>
    </ClCompile>
    <ClCompile Include="FSM.cpp">
      <Filter>소스 파일\Game\Object\Creature\Monster\FSM</Filter>
    </ClCompile>
    <ClCompile Include="State.cpp">
      <Filter>소스 파일\Game\Object\Creature\Monster\FSM</Filter>
    </ClCompile>
    <ClCompile Include="Spider.cpp">
      <Filter>소스 파일\Game\Object\Creature\Monster</Filter>
    </ClCompile>
    <ClCompile Include="Tool.cpp">
      <Filter>소스 파일\Game\Object\Item\Tool</Filter>
    </ClCompile>
    <ClCompile Include="Cutlass.cpp">
      <Filter>소스 파일\Game\Object\Item\Tool</Filter>
    </ClCompile>
    <ClCompile Include="Player.cpp">
      <Filter>소스 파일\Game\Object\Creature</Filter>
    </ClCompile>
    <ClCompile Include="Creature.cpp">
      <Filter>소스 파일\Game\Object\Creature</Filter>
    </ClCompile>
    <ClCompile Include="Lantern.cpp">
      <Filter>소스 파일\Game\Object\Item\Tool</Filter>
    </ClCompile>
    <ClCompile Include="Timer.cpp">
      <Filter>소스 파일\Main</Filter>
    </ClCompile>
    <ClCompile Include="Obstacle.cpp">
      <Filter>소스 파일\Game\Object\Obstacle</Filter>
    </ClCompile>
    <ClCompile Include="EmotionGame.cpp">
      <Filter>소스 파일\Game\Object\Creature\Monster</Filter>
    </ClCompile>
    <ClCompile Include="Ghost.cpp">
      <Filter>소스 파일\Game\Object\Creature\Monster</Filter>
    </ClCompile>
    <ClCompile Include="ServerNetwork.cpp">
      <Filter>소스 파일\Main\Network</Filter>
    </ClCompile>
    <ClCompile Include="Session.cpp">
      <Filter>소스 파일\Main\Network</Filter>
    </ClCompile>
    <ClCompile Include="ExpOver.cpp">
      <Filter>소스 파일\Main\Network</Filter>
    </ClCompile>
    <ClCompile Include="Door.cpp">
      <Filter>소스 파일\Game\Object\Structure</Filter>
    </ClCompile>
    <ClCompile Include="SellingMachine.cpp">
      <Filter>소스 파일\Game\Object\Structure</Filter>
    </ClCompile>
    <ClCompile Include="PollutionMonitor.cpp">
      <Filter>소스 파일\Game\Object\Creature\Monster</Filter>
    </ClCompile>
    <ClCompile Include="TrashCollector.cpp">
      <Filter>소스 파일\Game\Object\Creature\Monster</Filter>
    </ClCompile>
    <ClCompile Include="Hatch.cpp">
      <Filter>소스 파일\Game\Object\Structure</Filter>
    </ClCompile>
    <ClCompile Include="Quest.cpp">
      <Filter>소스 파일\Game\Quest</Filter>
    </ClCompile>
    <ClCompile Include="MainQuest.cpp">
      <Filter>소스 파일\Game\Quest</Filter>
    </ClCompile>
    <ClCompile Include="SubQuest.cpp">
      <Filter>소스 파일\Game\Quest</Filter>
    </ClCompile>
    <ClCompile Include="DBManager.cpp">
      <Filter>소스 파일\Main</Filter>
    </ClCompile>
    <ClCompile Include="Utils.cpp">
      <Filter>소스 파일\Main</Filter>
    </ClCompile>
  </ItemGroup>
  <ItemGroup>
    <ClInclude Include="pch.h">
      <Filter>소스 파일\Main</Filter>
    </ClInclude>
    <ClInclude Include="ServerFramework.h">
      <Filter>소스 파일\Main</Filter>
    </ClInclude>
    <ClInclude Include="Room.h">
      <Filter>소스 파일\Game</Filter>
    </ClInclude>
    <ClInclude Include="GameObject.h">
      <Filter>소스 파일\Game\Object</Filter>
    </ClInclude>
    <ClInclude Include="Global.h">
      <Filter>소스 파일\Main</Filter>
    </ClInclude>
    <ClInclude Include="Cube.h">
      <Filter>소스 파일\Game\Stage</Filter>
    </ClInclude>
    <ClInclude Include="Types.h">
      <Filter>소스 파일\Main</Filter>
    </ClInclude>
    <ClInclude Include="DataManager.h">
      <Filter>소스 파일\Main</Filter>
    </ClInclude>
    <ClInclude Include="BoundingBox.h">
      <Filter>소스 파일\Game\Collision</Filter>
    </ClInclude>
    <ClInclude Include="Item.h">
      <Filter>소스 파일\Game\Object\Item</Filter>
    </ClInclude>
    <ClInclude Include="Inventory.h">
      <Filter>소스 파일\Game\Object\Item</Filter>
    </ClInclude>
    <ClInclude Include="Monster.h">
      <Filter>소스 파일\Game\Object\Creature\Monster</Filter>
    </ClInclude>
    <ClInclude Include="FSM.h">
      <Filter>소스 파일\Game\Object\Creature\Monster\FSM</Filter>
    </ClInclude>
    <ClInclude Include="State.h">
      <Filter>소스 파일\Game\Object\Creature\Monster\FSM</Filter>
    </ClInclude>
    <ClInclude Include="Spider.h">
      <Filter>소스 파일\Game\Object\Creature\Monster</Filter>
    </ClInclude>
    <ClInclude Include="Utils.h">
      <Filter>소스 파일\Main</Filter>
    </ClInclude>
    <ClInclude Include="Tool.h">
      <Filter>소스 파일\Game\Object\Item\Tool</Filter>
    </ClInclude>
    <ClInclude Include="Cutlass.h">
      <Filter>소스 파일\Game\Object\Item\Tool</Filter>
    </ClInclude>
    <ClInclude Include="Player.h">
      <Filter>소스 파일\Game\Object\Creature</Filter>
    </ClInclude>
    <ClInclude Include="Creature.h">
      <Filter>소스 파일\Game\Object\Creature</Filter>
    </ClInclude>
    <ClInclude Include="Lantern.h">
      <Filter>소스 파일\Game\Object\Item\Tool</Filter>
    </ClInclude>
    <ClInclude Include="Timer.h">
      <Filter>소스 파일\Main</Filter>
    </ClInclude>
    <ClInclude Include="Obstacle.h">
      <Filter>소스 파일\Game\Object\Obstacle</Filter>
    </ClInclude>
    <ClInclude Include="EmotionGame.h">
      <Filter>소스 파일\Game\Object\Creature\Monster</Filter>
    </ClInclude>
    <ClInclude Include="Ghost.h">
      <Filter>소스 파일\Game\Object\Creature\Monster</Filter>
    </ClInclude>
    <ClInclude Include="ServerNetwork.h">
      <Filter>소스 파일\Main\Network</Filter>
    </ClInclude>
    <ClInclude Include="Packets.h">
      <Filter>소스 파일\Main\Network</Filter>
    </ClInclude>
    <ClInclude Include="Session.h">
      <Filter>소스 파일\Main\Network</Filter>
    </ClInclude>
    <ClInclude Include="ExpOver.h">
      <Filter>소스 파일\Main\Network</Filter>
    </ClInclude>
    <ClInclude Include="Door.h">
      <Filter>소스 파일\Game\Object\Structure</Filter>
    </ClInclude>
    <ClInclude Include="SellingMachine.h">
      <Filter>소스 파일\Game\Object\Structure</Filter>
    </ClInclude>
    <ClInclude Include="PollutionMonitor.h">
      <Filter>소스 파일\Game\Object\Creature\Monster</Filter>
    </ClInclude>
    <ClInclude Include="TrashCollector.h">
      <Filter>소스 파일\Game\Object\Creature\Monster</Filter>
    </ClInclude>
    <ClInclude Include="Hatch.h">
      <Filter>소스 파일\Game\Object\Structure</Filter>
    </ClInclude>
    <ClInclude Include="Quest.h">
      <Filter>소스 파일\Game\Quest</Filter>
    </ClInclude>
    <ClInclude Include="MainQuest.h">
      <Filter>소스 파일\Game\Quest</Filter>
    </ClInclude>
    <ClInclude Include="SubQuest.h">
      <Filter>소스 파일\Game\Quest</Filter>
    </ClInclude>
    <ClInclude Include="DBManager.h">
      <Filter>소스 파일\Main</Filter>
    </ClInclude>
  </ItemGroup>
</Project>